
Microsoft Visual Studio Solution File, Format Version 12.00
# Visual Studio 15
VisualStudioVersion = 15.0.28010.2046
MinimumVisualStudioVersion = 10.0.40219.1
Project("{2150E333-8FDC-42A3-9474-1A3956D46DE8}") = "src", "src", "{B9CECB92-40E4-4D06-8056-34D8CB9BA4E5}"
EndProject
Project("{2150E333-8FDC-42A3-9474-1A3956D46DE8}") = "0-Web", "0-Web", "{3D97F27B-587E-4291-BA94-40DD99B71FFD}"
EndProject
Project("{9A19103F-16F7-4668-BE54-9A1E7A4F7556}") = "Mvc", "Mvc\Mvc.csproj", "{0740499A-C9DE-4D59-8DAE-2B237DF0FDAB}"
EndProject
Project("{2150E333-8FDC-42A3-9474-1A3956D46DE8}") = "Solution Items", "Solution Items", "{36054032-F1F4-4566-9050-B3C7CA7EC219}"
	ProjectSection(SolutionItems) = preProject
		.gitignore = .gitignore
	EndProjectSection
EndProject
Project("{2150E333-8FDC-42A3-9474-1A3956D46DE8}") = "1-WebService", "1-WebService", "{A1E5FEC0-5E06-4B70-9C15-5E3B8416B896}"
EndProject
Project("{9A19103F-16F7-4668-BE54-9A1E7A4F7556}") = "Api", "Api\Api.csproj", "{B64D0237-5E21-4ED6-97DC-72B419E28550}"
EndProject
Project("{2150E333-8FDC-42A3-9474-1A3956D46DE8}") = "2-Application", "2-Application", "{8FEE524D-5A0A-4926-A1F9-C750B01BCA4B}"
EndProject
Project("{9A19103F-16F7-4668-BE54-9A1E7A4F7556}") = "Application", "Application\Application.csproj", "{A36788A0-3534-41E5-B46E-3EAC783260E1}"
EndProject
Project("{2150E333-8FDC-42A3-9474-1A3956D46DE8}") = "3-Core", "3-Core", "{F8D6A258-0F75-4D45-8575-94E29864623D}"
EndProject
Project("{9A19103F-16F7-4668-BE54-9A1E7A4F7556}") = "Domain", "Domain\Domain.csproj", "{AA6EA318-B259-4BBD-9226-0ACC4A139248}"
EndProject
Project("{9A19103F-16F7-4668-BE54-9A1E7A4F7556}") = "Shared", "Shared\Shared.csproj", "{3B2913D6-15D0-4BEE-85B6-B9EA60F009E4}"
EndProject
Project("{9A19103F-16F7-4668-BE54-9A1E7A4F7556}") = "Service", "Service\Service.csproj", "{23B32FD5-6DC9-4B35-8F7B-6E2937085A5E}"
EndProject
Project("{2150E333-8FDC-42A3-9474-1A3956D46DE8}") = "4-Infra", "4-Infra", "{28CC4038-4714-491B-9F73-E229F28DF013}"
EndProject
Project("{2150E333-8FDC-42A3-9474-1A3956D46DE8}") = "4.0-Data", "4.0-Data", "{826579EF-6AAD-4484-9A9A-9B3F02CD5C13}"
EndProject
Project("{2150E333-8FDC-42A3-9474-1A3956D46DE8}") = "4.1-CrossCutting", "4.1-CrossCutting", "{5B7BA8E5-F020-4887-A8C7-8D47BB1B3024}"
EndProject
Project("{9A19103F-16F7-4668-BE54-9A1E7A4F7556}") = "IoC", "IoC\IoC.csproj", "{91E06B4F-A9B4-46C7-A49C-F03D37272BD1}"
EndProject
Project("{9A19103F-16F7-4668-BE54-9A1E7A4F7556}") = "Data", "Data\Data.csproj", "{3A6AFB97-FA58-49E4-9D78-07CF0BAAE02C}"
EndProject
Project("{2150E333-8FDC-42A3-9474-1A3956D46DE8}") = "5-Test", "5-Test", "{A9944C53-CEDE-41E5-9579-1BFE12ADA18B}"
EndProject
Project("{2150E333-8FDC-42A3-9474-1A3956D46DE8}") = "5.0-Core", "5.0-Core", "{36318222-4A03-4D76-AECB-389372E92296}"
EndProject
Project("{9A19103F-16F7-4668-BE54-9A1E7A4F7556}") = "DomainUnitTests", "DomainUnitTests\DomainUnitTests.csproj", "{313CA0B0-DA3F-4F08-B69D-21E6CBD77BB0}"
EndProject
Global
	GlobalSection(SolutionConfigurationPlatforms) = preSolution
		Debug|Any CPU = Debug|Any CPU
		Release|Any CPU = Release|Any CPU
	EndGlobalSection
	GlobalSection(ProjectConfigurationPlatforms) = postSolution
		{0740499A-C9DE-4D59-8DAE-2B237DF0FDAB}.Debug|Any CPU.ActiveCfg = Debug|Any CPU
		{0740499A-C9DE-4D59-8DAE-2B237DF0FDAB}.Debug|Any CPU.Build.0 = Debug|Any CPU
		{0740499A-C9DE-4D59-8DAE-2B237DF0FDAB}.Release|Any CPU.ActiveCfg = Release|Any CPU
		{0740499A-C9DE-4D59-8DAE-2B237DF0FDAB}.Release|Any CPU.Build.0 = Release|Any CPU
		{B64D0237-5E21-4ED6-97DC-72B419E28550}.Debug|Any CPU.ActiveCfg = Debug|Any CPU
		{B64D0237-5E21-4ED6-97DC-72B419E28550}.Debug|Any CPU.Build.0 = Debug|Any CPU
		{B64D0237-5E21-4ED6-97DC-72B419E28550}.Release|Any CPU.ActiveCfg = Release|Any CPU
		{B64D0237-5E21-4ED6-97DC-72B419E28550}.Release|Any CPU.Build.0 = Release|Any CPU
		{A36788A0-3534-41E5-B46E-3EAC783260E1}.Debug|Any CPU.ActiveCfg = Debug|Any CPU
		{A36788A0-3534-41E5-B46E-3EAC783260E1}.Debug|Any CPU.Build.0 = Debug|Any CPU
		{A36788A0-3534-41E5-B46E-3EAC783260E1}.Release|Any CPU.ActiveCfg = Release|Any CPU
		{A36788A0-3534-41E5-B46E-3EAC783260E1}.Release|Any CPU.Build.0 = Release|Any CPU
		{AA6EA318-B259-4BBD-9226-0ACC4A139248}.Debug|Any CPU.ActiveCfg = Debug|Any CPU
		{AA6EA318-B259-4BBD-9226-0ACC4A139248}.Debug|Any CPU.Build.0 = Debug|Any CPU
		{AA6EA318-B259-4BBD-9226-0ACC4A139248}.Release|Any CPU.ActiveCfg = Release|Any CPU
		{AA6EA318-B259-4BBD-9226-0ACC4A139248}.Release|Any CPU.Build.0 = Release|Any CPU
		{3B2913D6-15D0-4BEE-85B6-B9EA60F009E4}.Debug|Any CPU.ActiveCfg = Debug|Any CPU
		{3B2913D6-15D0-4BEE-85B6-B9EA60F009E4}.Debug|Any CPU.Build.0 = Debug|Any CPU
		{3B2913D6-15D0-4BEE-85B6-B9EA60F009E4}.Release|Any CPU.ActiveCfg = Release|Any CPU
		{3B2913D6-15D0-4BEE-85B6-B9EA60F009E4}.Release|Any CPU.Build.0 = Release|Any CPU
		{23B32FD5-6DC9-4B35-8F7B-6E2937085A5E}.Debug|Any CPU.ActiveCfg = Debug|Any CPU
		{23B32FD5-6DC9-4B35-8F7B-6E2937085A5E}.Debug|Any CPU.Build.0 = Debug|Any CPU
		{23B32FD5-6DC9-4B35-8F7B-6E2937085A5E}.Release|Any CPU.ActiveCfg = Release|Any CPU
		{23B32FD5-6DC9-4B35-8F7B-6E2937085A5E}.Release|Any CPU.Build.0 = Release|Any CPU
		{91E06B4F-A9B4-46C7-A49C-F03D37272BD1}.Debug|Any CPU.ActiveCfg = Debug|Any CPU
		{91E06B4F-A9B4-46C7-A49C-F03D37272BD1}.Debug|Any CPU.Build.0 = Debug|Any CPU
		{91E06B4F-A9B4-46C7-A49C-F03D37272BD1}.Release|Any CPU.ActiveCfg = Release|Any CPU
		{91E06B4F-A9B4-46C7-A49C-F03D37272BD1}.Release|Any CPU.Build.0 = Release|Any CPU
		{3A6AFB97-FA58-49E4-9D78-07CF0BAAE02C}.Debug|Any CPU.ActiveCfg = Debug|Any CPU
		{3A6AFB97-FA58-49E4-9D78-07CF0BAAE02C}.Debug|Any CPU.Build.0 = Debug|Any CPU
		{3A6AFB97-FA58-49E4-9D78-07CF0BAAE02C}.Release|Any CPU.ActiveCfg = Release|Any CPU
		{3A6AFB97-FA58-49E4-9D78-07CF0BAAE02C}.Release|Any CPU.Build.0 = Release|Any CPU
		{313CA0B0-DA3F-4F08-B69D-21E6CBD77BB0}.Debug|Any CPU.ActiveCfg = Debug|Any CPU
		{313CA0B0-DA3F-4F08-B69D-21E6CBD77BB0}.Debug|Any CPU.Build.0 = Debug|Any CPU
		{313CA0B0-DA3F-4F08-B69D-21E6CBD77BB0}.Release|Any CPU.ActiveCfg = Release|Any CPU
		{313CA0B0-DA3F-4F08-B69D-21E6CBD77BB0}.Release|Any CPU.Build.0 = Release|Any CPU
	EndGlobalSection
	GlobalSection(SolutionProperties) = preSolution
		HideSolutionNode = FALSE
	EndGlobalSection
	GlobalSection(NestedProjects) = preSolution
		{3D97F27B-587E-4291-BA94-40DD99B71FFD} = {B9CECB92-40E4-4D06-8056-34D8CB9BA4E5}
		{0740499A-C9DE-4D59-8DAE-2B237DF0FDAB} = {3D97F27B-587E-4291-BA94-40DD99B71FFD}
		{A1E5FEC0-5E06-4B70-9C15-5E3B8416B896} = {B9CECB92-40E4-4D06-8056-34D8CB9BA4E5}
		{B64D0237-5E21-4ED6-97DC-72B419E28550} = {A1E5FEC0-5E06-4B70-9C15-5E3B8416B896}
		{8FEE524D-5A0A-4926-A1F9-C750B01BCA4B} = {B9CECB92-40E4-4D06-8056-34D8CB9BA4E5}
		{A36788A0-3534-41E5-B46E-3EAC783260E1} = {8FEE524D-5A0A-4926-A1F9-C750B01BCA4B}
		{F8D6A258-0F75-4D45-8575-94E29864623D} = {B9CECB92-40E4-4D06-8056-34D8CB9BA4E5}
		{AA6EA318-B259-4BBD-9226-0ACC4A139248} = {F8D6A258-0F75-4D45-8575-94E29864623D}
		{3B2913D6-15D0-4BEE-85B6-B9EA60F009E4} = {F8D6A258-0F75-4D45-8575-94E29864623D}
		{23B32FD5-6DC9-4B35-8F7B-6E2937085A5E} = {F8D6A258-0F75-4D45-8575-94E29864623D}
		{28CC4038-4714-491B-9F73-E229F28DF013} = {B9CECB92-40E4-4D06-8056-34D8CB9BA4E5}
		{826579EF-6AAD-4484-9A9A-9B3F02CD5C13} = {28CC4038-4714-491B-9F73-E229F28DF013}
		{5B7BA8E5-F020-4887-A8C7-8D47BB1B3024} = {28CC4038-4714-491B-9F73-E229F28DF013}
		{91E06B4F-A9B4-46C7-A49C-F03D37272BD1} = {5B7BA8E5-F020-4887-A8C7-8D47BB1B3024}
		{3A6AFB97-FA58-49E4-9D78-07CF0BAAE02C} = {826579EF-6AAD-4484-9A9A-9B3F02CD5C13}
		{A9944C53-CEDE-41E5-9579-1BFE12ADA18B} = {B9CECB92-40E4-4D06-8056-34D8CB9BA4E5}
		{36318222-4A03-4D76-AECB-389372E92296} = {A9944C53-CEDE-41E5-9579-1BFE12ADA18B}
		{313CA0B0-DA3F-4F08-B69D-21E6CBD77BB0} = {36318222-4A03-4D76-AECB-389372E92296}
	EndGlobalSection
	GlobalSection(ExtensibilityGlobals) = postSolution
		SolutionGuid = {AD278148-775D-4EF8-9CCE-BAE1EBD8E076}
	EndGlobalSection
EndGlobal
